
Microsoft Visual Studio Solution File, Format Version 12.00
# Visual Studio 15
VisualStudioVersion = 15.0.28010.2036
MinimumVisualStudioVersion = 10.0.40219.1
Project("{FAE04EC0-301F-11D3-BF4B-00C04F79EFBC}") = "Leer_json", "Leer_json\Leer_json.csproj", "{D69C9B85-ECB1-49A4-B5A7-21BE9F6CD4E3}"
EndProject
Global
	GlobalSection(SolutionConfigurationPlatforms) = preSolution
		Debug|Any CPU = Debug|Any CPU
		Release|Any CPU = Release|Any CPU
	EndGlobalSection
	GlobalSection(ProjectConfigurationPlatforms) = postSolution
		{D69C9B85-ECB1-49A4-B5A7-21BE9F6CD4E3}.Debug|Any CPU.ActiveCfg = Debug|Any CPU
		{D69C9B85-ECB1-49A4-B5A7-21BE9F6CD4E3}.Debug|Any CPU.Build.0 = Debug|Any CPU
		{D69C9B85-ECB1-49A4-B5A7-21BE9F6CD4E3}.Release|Any CPU.ActiveCfg = Release|Any CPU
		{D69C9B85-ECB1-49A4-B5A7-21BE9F6CD4E3}.Release|Any CPU.Build.0 = Release|Any CPU
	EndGlobalSection
	GlobalSection(SolutionProperties) = preSolution
		HideSolutionNode = FALSE
	EndGlobalSection
	GlobalSection(ExtensibilityGlobals) = postSolution
		SolutionGuid = {583CCD08-9A3E-49F4-B653-53E37E738D24}
	EndGlobalSection
EndGlobal
