
Microsoft Visual Studio Solution File, Format Version 12.00
# Visual Studio 15
VisualStudioVersion = 15.0.28307.168
MinimumVisualStudioVersion = 10.0.40219.1
Project("{FAE04EC0-301F-11D3-BF4B-00C04F79EFBC}") = "taller_serviexpress 0.0.1", "taller_serviexpress 0.0.1\taller_serviexpress 0.0.1.csproj", "{8B8BED2E-399A-4418-861A-F2CD2B38BD46}"
EndProject
Global
	GlobalSection(SolutionConfigurationPlatforms) = preSolution
		Debug|Any CPU = Debug|Any CPU
		Release|Any CPU = Release|Any CPU
	EndGlobalSection
	GlobalSection(ProjectConfigurationPlatforms) = postSolution
		{8B8BED2E-399A-4418-861A-F2CD2B38BD46}.Debug|Any CPU.ActiveCfg = Debug|Any CPU
		{8B8BED2E-399A-4418-861A-F2CD2B38BD46}.Debug|Any CPU.Build.0 = Debug|Any CPU
		{8B8BED2E-399A-4418-861A-F2CD2B38BD46}.Release|Any CPU.ActiveCfg = Release|Any CPU
		{8B8BED2E-399A-4418-861A-F2CD2B38BD46}.Release|Any CPU.Build.0 = Release|Any CPU
	EndGlobalSection
	GlobalSection(SolutionProperties) = preSolution
		HideSolutionNode = FALSE
	EndGlobalSection
	GlobalSection(ExtensibilityGlobals) = postSolution
		SolutionGuid = {38E2B9D7-3509-40C1-99E3-696E31EDF279}
	EndGlobalSection
EndGlobal
